
Microsoft Visual Studio Solution File, Format Version 12.00
# Visual Studio Version 17
VisualStudioVersion = 17.12.35707.178 d17.12
MinimumVisualStudioVersion = 10.0.40219.1
Project("{FAE04EC0-301F-11D3-BF4B-00C04F79EFBC}") = "Problem1", "Problem1.csproj", "{62F3028D-C21A-4C15-96DB-9C31C622150F}"
EndProject
Project("{FAE04EC0-301F-11D3-BF4B-00C04F79EFBC}") = "Problem1Test", "..\Problem1Test\Problem1Test.csproj", "{40520AC8-FA45-4711-BACA-D64D06E519D6}"
EndProject
Global
	GlobalSection(SolutionConfigurationPlatforms) = preSolution
		Debug|Any CPU = Debug|Any CPU
		Release|Any CPU = Release|Any CPU
	EndGlobalSection
	GlobalSection(ProjectConfigurationPlatforms) = postSolution
		{62F3028D-C21A-4C15-96DB-9C31C622150F}.Debug|Any CPU.ActiveCfg = Debug|Any CPU
		{62F3028D-C21A-4C15-96DB-9C31C622150F}.Debug|Any CPU.Build.0 = Debug|Any CPU
		{62F3028D-C21A-4C15-96DB-9C31C622150F}.Release|Any CPU.ActiveCfg = Release|Any CPU
		{62F3028D-C21A-4C15-96DB-9C31C622150F}.Release|Any CPU.Build.0 = Release|Any CPU
		{40520AC8-FA45-4711-BACA-D64D06E519D6}.Debug|Any CPU.ActiveCfg = Debug|Any CPU
		{40520AC8-FA45-4711-BACA-D64D06E519D6}.Debug|Any CPU.Build.0 = Debug|Any CPU
		{40520AC8-FA45-4711-BACA-D64D06E519D6}.Release|Any CPU.ActiveCfg = Release|Any CPU
		{40520AC8-FA45-4711-BACA-D64D06E519D6}.Release|Any CPU.Build.0 = Release|Any CPU
	EndGlobalSection
	GlobalSection(SolutionProperties) = preSolution
		HideSolutionNode = FALSE
	EndGlobalSection
EndGlobal
