
Microsoft Visual Studio Solution File, Format Version 12.00
# Visual Studio Version 17
VisualStudioVersion = 17.12.35707.178 d17.12
MinimumVisualStudioVersion = 10.0.40219.1
Project("{FAE04EC0-301F-11D3-BF4B-00C04F79EFBC}") = "Problem6", "Problem6.csproj", "{1318079E-6079-47FE-9316-580F422ADF39}"
EndProject
Project("{FAE04EC0-301F-11D3-BF4B-00C04F79EFBC}") = "Problem6Test", "..\Problem6Test\Problem6Test.csproj", "{EE90FF6C-ECD8-4B9C-91FC-5FC287582E39}"
EndProject
Global
	GlobalSection(SolutionConfigurationPlatforms) = preSolution
		Debug|Any CPU = Debug|Any CPU
		Release|Any CPU = Release|Any CPU
	EndGlobalSection
	GlobalSection(ProjectConfigurationPlatforms) = postSolution
		{1318079E-6079-47FE-9316-580F422ADF39}.Debug|Any CPU.ActiveCfg = Debug|Any CPU
		{1318079E-6079-47FE-9316-580F422ADF39}.Debug|Any CPU.Build.0 = Debug|Any CPU
		{1318079E-6079-47FE-9316-580F422ADF39}.Release|Any CPU.ActiveCfg = Release|Any CPU
		{1318079E-6079-47FE-9316-580F422ADF39}.Release|Any CPU.Build.0 = Release|Any CPU
		{EE90FF6C-ECD8-4B9C-91FC-5FC287582E39}.Debug|Any CPU.ActiveCfg = Debug|Any CPU
		{EE90FF6C-ECD8-4B9C-91FC-5FC287582E39}.Debug|Any CPU.Build.0 = Debug|Any CPU
		{EE90FF6C-ECD8-4B9C-91FC-5FC287582E39}.Release|Any CPU.ActiveCfg = Release|Any CPU
		{EE90FF6C-ECD8-4B9C-91FC-5FC287582E39}.Release|Any CPU.Build.0 = Release|Any CPU
	EndGlobalSection
	GlobalSection(SolutionProperties) = preSolution
		HideSolutionNode = FALSE
	EndGlobalSection
EndGlobal
