
Microsoft Visual Studio Solution File, Format Version 12.00
# Visual Studio Version 17
VisualStudioVersion = 17.12.35707.178 d17.12
MinimumVisualStudioVersion = 10.0.40219.1
Project("{FAE04EC0-301F-11D3-BF4B-00C04F79EFBC}") = "Problem7", "Problem7.csproj", "{1B5B543A-DB21-4724-AC3E-0C7FEF866F76}"
EndProject
Project("{FAE04EC0-301F-11D3-BF4B-00C04F79EFBC}") = "Problem7Test", "..\Problem7Test\Problem7Test.csproj", "{79B0FD34-DCDC-4D0B-9F53-521457280B51}"
EndProject
Global
	GlobalSection(SolutionConfigurationPlatforms) = preSolution
		Debug|Any CPU = Debug|Any CPU
		Release|Any CPU = Release|Any CPU
	EndGlobalSection
	GlobalSection(ProjectConfigurationPlatforms) = postSolution
		{1B5B543A-DB21-4724-AC3E-0C7FEF866F76}.Debug|Any CPU.ActiveCfg = Debug|Any CPU
		{1B5B543A-DB21-4724-AC3E-0C7FEF866F76}.Debug|Any CPU.Build.0 = Debug|Any CPU
		{1B5B543A-DB21-4724-AC3E-0C7FEF866F76}.Release|Any CPU.ActiveCfg = Release|Any CPU
		{1B5B543A-DB21-4724-AC3E-0C7FEF866F76}.Release|Any CPU.Build.0 = Release|Any CPU
		{79B0FD34-DCDC-4D0B-9F53-521457280B51}.Debug|Any CPU.ActiveCfg = Debug|Any CPU
		{79B0FD34-DCDC-4D0B-9F53-521457280B51}.Debug|Any CPU.Build.0 = Debug|Any CPU
		{79B0FD34-DCDC-4D0B-9F53-521457280B51}.Release|Any CPU.ActiveCfg = Release|Any CPU
		{79B0FD34-DCDC-4D0B-9F53-521457280B51}.Release|Any CPU.Build.0 = Release|Any CPU
	EndGlobalSection
	GlobalSection(SolutionProperties) = preSolution
		HideSolutionNode = FALSE
	EndGlobalSection
EndGlobal
