
Microsoft Visual Studio Solution File, Format Version 12.00
# Visual Studio Version 17
VisualStudioVersion = 17.12.35707.178 d17.12
MinimumVisualStudioVersion = 10.0.40219.1
Project("{FAE04EC0-301F-11D3-BF4B-00C04F79EFBC}") = "Problem4", "Problem4.csproj", "{5FC65FD2-685B-4349-B4D4-3AA10389B152}"
EndProject
Project("{FAE04EC0-301F-11D3-BF4B-00C04F79EFBC}") = "Problem4Test", "..\Problem4Test\Problem4Test.csproj", "{ADB51AE4-9A41-4F27-94AA-9F14576B6C1E}"
EndProject
Global
	GlobalSection(SolutionConfigurationPlatforms) = preSolution
		Debug|Any CPU = Debug|Any CPU
		Release|Any CPU = Release|Any CPU
	EndGlobalSection
	GlobalSection(ProjectConfigurationPlatforms) = postSolution
		{5FC65FD2-685B-4349-B4D4-3AA10389B152}.Debug|Any CPU.ActiveCfg = Debug|Any CPU
		{5FC65FD2-685B-4349-B4D4-3AA10389B152}.Debug|Any CPU.Build.0 = Debug|Any CPU
		{5FC65FD2-685B-4349-B4D4-3AA10389B152}.Release|Any CPU.ActiveCfg = Release|Any CPU
		{5FC65FD2-685B-4349-B4D4-3AA10389B152}.Release|Any CPU.Build.0 = Release|Any CPU
		{ADB51AE4-9A41-4F27-94AA-9F14576B6C1E}.Debug|Any CPU.ActiveCfg = Debug|Any CPU
		{ADB51AE4-9A41-4F27-94AA-9F14576B6C1E}.Debug|Any CPU.Build.0 = Debug|Any CPU
		{ADB51AE4-9A41-4F27-94AA-9F14576B6C1E}.Release|Any CPU.ActiveCfg = Release|Any CPU
		{ADB51AE4-9A41-4F27-94AA-9F14576B6C1E}.Release|Any CPU.Build.0 = Release|Any CPU
	EndGlobalSection
	GlobalSection(SolutionProperties) = preSolution
		HideSolutionNode = FALSE
	EndGlobalSection
EndGlobal
